
Microsoft Visual Studio Solution File, Format Version 12.00
# Visual Studio Version 17
VisualStudioVersion = 17.9.34728.123
MinimumVisualStudioVersion = 10.0.40219.1
Project("{2150E333-8FDC-42A3-9474-1A3956D46DE8}") = "Solution Items", "Solution Items", "{C5964E2C-3D4B-4337-9BD8-317DD99FACFB}"
	ProjectSection(SolutionItems) = preProject
		docker-compose.yml = docker-compose.yml
		.editorconfig = .editorconfig
	EndProjectSection
EndProject
Project("{2150E333-8FDC-42A3-9474-1A3956D46DE8}") = "Api", "Api", "{7A1F35FC-8F48-4B30-9A75-F33FA475E360}"
EndProject
Project("{FAE04EC0-301F-11D3-BF4B-00C04F79EFBC}") = "Infrastructure", "Api\Infrastructure\Infrastructure.csproj", "{333C4F51-8E43-408D-BDAD-FF0A788E153A}"
EndProject
Project("{FAE04EC0-301F-11D3-BF4B-00C04F79EFBC}") = "BussinesLogic", "Api\BussinesLogic\BussinesLogic.csproj", "{A10C4197-6DE5-4485-86B0-DE131DEB9283}"
EndProject
Project("{FAE04EC0-301F-11D3-BF4B-00C04F79EFBC}") = "Main-Api", "Api\Main-Api\Main-Api.csproj", "{918FD713-12C8-4366-94B1-E4C81B5FADD1}"
EndProject
Project("{FAE04EC0-301F-11D3-BF4B-00C04F79EFBC}") = "Domain", "Api\Domain\Domain.csproj", "{95D60C3B-5113-49F7-8DBF-8B24D6A2F01C}"
EndProject
Project("{2150E333-8FDC-42A3-9474-1A3956D46DE8}") = "Desktop", "Desktop", "{AA5569FE-E3D4-4584-B3B5-6F983399B2EC}"
EndProject
Project("{FAE04EC0-301F-11D3-BF4B-00C04F79EFBC}") = "Enea-WPF", "Enea-WPF\Enea-WPF.csproj", "{186AA543-22A6-4F47-B077-3BE4FC633E4C}"
EndProject
Project("{FAE04EC0-301F-11D3-BF4B-00C04F79EFBC}") = "DtoGenerator", "DtoGenerator\DtoGenerator.csproj", "{72A0A967-2109-46C2-A6FE-C9D5DD346AF4}"
EndProject
Global
	GlobalSection(SolutionConfigurationPlatforms) = preSolution
		Debug|Any CPU = Debug|Any CPU
		Release|Any CPU = Release|Any CPU
	EndGlobalSection
	GlobalSection(ProjectConfigurationPlatforms) = postSolution
		{333C4F51-8E43-408D-BDAD-FF0A788E153A}.Debug|Any CPU.ActiveCfg = Debug|Any CPU
		{333C4F51-8E43-408D-BDAD-FF0A788E153A}.Debug|Any CPU.Build.0 = Debug|Any CPU
		{333C4F51-8E43-408D-BDAD-FF0A788E153A}.Release|Any CPU.ActiveCfg = Release|Any CPU
		{333C4F51-8E43-408D-BDAD-FF0A788E153A}.Release|Any CPU.Build.0 = Release|Any CPU
		{A10C4197-6DE5-4485-86B0-DE131DEB9283}.Debug|Any CPU.ActiveCfg = Debug|Any CPU
		{A10C4197-6DE5-4485-86B0-DE131DEB9283}.Debug|Any CPU.Build.0 = Debug|Any CPU
		{A10C4197-6DE5-4485-86B0-DE131DEB9283}.Release|Any CPU.ActiveCfg = Release|Any CPU
		{A10C4197-6DE5-4485-86B0-DE131DEB9283}.Release|Any CPU.Build.0 = Release|Any CPU
		{918FD713-12C8-4366-94B1-E4C81B5FADD1}.Debug|Any CPU.ActiveCfg = Debug|Any CPU
		{918FD713-12C8-4366-94B1-E4C81B5FADD1}.Debug|Any CPU.Build.0 = Debug|Any CPU
		{918FD713-12C8-4366-94B1-E4C81B5FADD1}.Release|Any CPU.ActiveCfg = Release|Any CPU
		{918FD713-12C8-4366-94B1-E4C81B5FADD1}.Release|Any CPU.Build.0 = Release|Any CPU
		{95D60C3B-5113-49F7-8DBF-8B24D6A2F01C}.Debug|Any CPU.ActiveCfg = Debug|Any CPU
		{95D60C3B-5113-49F7-8DBF-8B24D6A2F01C}.Debug|Any CPU.Build.0 = Debug|Any CPU
		{95D60C3B-5113-49F7-8DBF-8B24D6A2F01C}.Release|Any CPU.ActiveCfg = Release|Any CPU
		{95D60C3B-5113-49F7-8DBF-8B24D6A2F01C}.Release|Any CPU.Build.0 = Release|Any CPU
		{186AA543-22A6-4F47-B077-3BE4FC633E4C}.Debug|Any CPU.ActiveCfg = Debug|Any CPU
		{186AA543-22A6-4F47-B077-3BE4FC633E4C}.Debug|Any CPU.Build.0 = Debug|Any CPU
		{186AA543-22A6-4F47-B077-3BE4FC633E4C}.Release|Any CPU.ActiveCfg = Release|Any CPU
		{186AA543-22A6-4F47-B077-3BE4FC633E4C}.Release|Any CPU.Build.0 = Release|Any CPU
		{72A0A967-2109-46C2-A6FE-C9D5DD346AF4}.Debug|Any CPU.ActiveCfg = Debug|Any CPU
		{72A0A967-2109-46C2-A6FE-C9D5DD346AF4}.Debug|Any CPU.Build.0 = Debug|Any CPU
		{72A0A967-2109-46C2-A6FE-C9D5DD346AF4}.Release|Any CPU.ActiveCfg = Release|Any CPU
		{72A0A967-2109-46C2-A6FE-C9D5DD346AF4}.Release|Any CPU.Build.0 = Release|Any CPU
	EndGlobalSection
	GlobalSection(SolutionProperties) = preSolution
		HideSolutionNode = FALSE
	EndGlobalSection
	GlobalSection(NestedProjects) = preSolution
		{333C4F51-8E43-408D-BDAD-FF0A788E153A} = {7A1F35FC-8F48-4B30-9A75-F33FA475E360}
		{A10C4197-6DE5-4485-86B0-DE131DEB9283} = {7A1F35FC-8F48-4B30-9A75-F33FA475E360}
		{918FD713-12C8-4366-94B1-E4C81B5FADD1} = {7A1F35FC-8F48-4B30-9A75-F33FA475E360}
		{95D60C3B-5113-49F7-8DBF-8B24D6A2F01C} = {7A1F35FC-8F48-4B30-9A75-F33FA475E360}
		{186AA543-22A6-4F47-B077-3BE4FC633E4C} = {AA5569FE-E3D4-4584-B3B5-6F983399B2EC}
	EndGlobalSection
	GlobalSection(ExtensibilityGlobals) = postSolution
		SolutionGuid = {BB6565DF-4992-4216-BC5C-C459B8DF17C6}
	EndGlobalSection
	GlobalSection(RiderSharedRunConfigurations) = postSolution
		File = .run`\Main-Api_ https.run.xml
	EndGlobalSection
EndGlobal
